
Microsoft Visual Studio Solution File, Format Version 12.00
# Visual Studio Version 17
VisualStudioVersion = 17.14.36811.4 d17.14
MinimumVisualStudioVersion = 10.0.40219.1
Project("{FAE04EC0-301F-11D3-BF4B-00C04F79EFBC}") = "EmployeeManagement.Domain", "EmployeeManagement.Domain.csproj", "{6DCEF06E-DB02-ADEA-0B60-DFB29FF7B8EA}"
EndProject
Global
	GlobalSection(SolutionConfigurationPlatforms) = preSolution
		Debug|Any CPU = Debug|Any CPU
		Release|Any CPU = Release|Any CPU
	EndGlobalSection
	GlobalSection(ProjectConfigurationPlatforms) = postSolution
		{6DCEF06E-DB02-ADEA-0B60-DFB29FF7B8EA}.Debug|Any CPU.ActiveCfg = Debug|Any CPU
		{6DCEF06E-DB02-ADEA-0B60-DFB29FF7B8EA}.Debug|Any CPU.Build.0 = Debug|Any CPU
		{6DCEF06E-DB02-ADEA-0B60-DFB29FF7B8EA}.Release|Any CPU.ActiveCfg = Release|Any CPU
		{6DCEF06E-DB02-ADEA-0B60-DFB29FF7B8EA}.Release|Any CPU.Build.0 = Release|Any CPU
	EndGlobalSection
	GlobalSection(SolutionProperties) = preSolution
		HideSolutionNode = FALSE
	EndGlobalSection
	GlobalSection(ExtensibilityGlobals) = postSolution
		SolutionGuid = {95ED73AD-C9AE-439F-8638-EFB996D2E8B7}
	EndGlobalSection
EndGlobal
